
Microsoft Visual Studio Solution File, Format Version 12.00
# Visual Studio Version 17
VisualStudioVersion = 17.2.32616.157
MinimumVisualStudioVersion = 10.0.40219.1
Project("{FAE04EC0-301F-11D3-BF4B-00C04F79EFBC}") = "WebSocketTestApp", "WebSocketTestApp\WebSocketTestApp.csproj", "{14DDEAB6-64F4-4794-8DB7-E398F50890A4}"
EndProject
Global
	GlobalSection(SolutionConfigurationPlatforms) = preSolution
		Debug|Any CPU = Debug|Any CPU
		Release|Any CPU = Release|Any CPU
	EndGlobalSection
	GlobalSection(ProjectConfigurationPlatforms) = postSolution
		{14DDEAB6-64F4-4794-8DB7-E398F50890A4}.Debug|Any CPU.ActiveCfg = Debug|Any CPU
		{14DDEAB6-64F4-4794-8DB7-E398F50890A4}.Debug|Any CPU.Build.0 = Debug|Any CPU
		{14DDEAB6-64F4-4794-8DB7-E398F50890A4}.Release|Any CPU.ActiveCfg = Release|Any CPU
		{14DDEAB6-64F4-4794-8DB7-E398F50890A4}.Release|Any CPU.Build.0 = Release|Any CPU
	EndGlobalSection
	GlobalSection(SolutionProperties) = preSolution
		HideSolutionNode = FALSE
	EndGlobalSection
	GlobalSection(ExtensibilityGlobals) = postSolution
		SolutionGuid = {F888E17C-6507-4E0C-B2DA-5CF756B821A5}
	EndGlobalSection
EndGlobal
